<?xml version="1.0" encoding="utf-8"?>
<Project ToolsVersion="4.0" xmlns="http://schemas.microsoft.com/developer/msbuild/2003">
  <ItemGroup>
    <Filter Include="Source Files">
      <UniqueIdentifier>{4FC737F1-C7A5-4376-A066-2A32D752A2FF}</UniqueIdentifier>
      <Extensions>cpp;c;cc;cxx;def;odl;idl;hpj;bat;asm;asmx</Extensions>
    </Filter>
    <Filter Include="Header Files">
      <UniqueIdentifier>{93995380-89BD-4b04-88EB-625FBE52EBFB}</UniqueIdentifier>
      <Extensions>h;hh;hpp;hxx;hm;inl;inc;ipp;xsd</Extensions>
    </Filter>
    <Filter Include="Resource Files">
      <UniqueIdentifier>{67DA6AB6-F800-4c08-8B7A-83BB121AAD01}</UniqueIdentifier>
      <Extensions>rc;ico;cur;bmp;dlg;rc2;rct;bin;rgs;gif;jpg;jpeg;jpe;resx;tiff;tif;png;wav;mfcribbon-ms</Extensions>
    </Filter>
    <Filter Include="Source Files\Custom">
      <UniqueIdentifier>{468ef54b-ca2c-4f51-b07e-a54ae7e8b808}</UniqueIdentifier>
    </Filter>
    <Filter Include="Source Files\Core">
      <UniqueIdentifier>{f4b0e546-ae14-4b3f-816a-1f80b82d1a72}</UniqueIdentifier>
    </Filter>
    <Filter Include="Source Files\Core\EventSystem">
      <UniqueIdentifier>{466f8a0f-426d-4342-886f-bbaa6cce3c4c}</UniqueIdentifier>
    </Filter>
    <Filter Include="Source Files\Core\Platforms">
      <UniqueIdentifier>{dcf71973-3f01-4842-9197-4916997ed1d1}</UniqueIdentifier>
    </Filter>
    <Filter Include="Source Files\Core\Components">
      <UniqueIdentifier>{1b47c470-6ab0-416b-bb6e-0a1695ca73c6}</UniqueIdentifier>
    </Filter>
    <Filter Include="Source Files\Core\Components\TileMaps">
      <UniqueIdentifier>{8efe6223-a5d6-499e-862e-ebd92fc7536e}</UniqueIdentifier>
    </Filter>
    <Filter Include="Source Files\Core\Components\TileMaps\Tiles">
      <UniqueIdentifier>{7ab477ea-b52a-43ab-9980-e1a898ee77f0}</UniqueIdentifier>
    </Filter>
    <Filter Include="Source Files\Core\Components\TileMaps\Maps">
      <UniqueIdentifier>{208e8019-0c8f-4a5d-b490-7aecf4288a7a}</UniqueIdentifier>
    </Filter>
    <Filter Include="Source Files\Core\Components\EntityComponents">
      <UniqueIdentifier>{0e889829-4b6b-468a-8633-dce3c9bb84f9}</UniqueIdentifier>
    </Filter>
    <Filter Include="Source Files\Core\Renderers">
      <UniqueIdentifier>{27cf5381-591f-4ef4-9090-8fefd360712c}</UniqueIdentifier>
    </Filter>
    <Filter Include="Source Files\Core\CustomGUI">
      <UniqueIdentifier>{6568c937-a7a6-48be-a738-dae126228535}</UniqueIdentifier>
    </Filter>
    <Filter Include="Source Files\Core\CustomGUI\AGUI">
      <UniqueIdentifier>{73d058ad-66ec-455e-9ff5-f44edd5caf3c}</UniqueIdentifier>
    </Filter>
    <Filter Include="Source Files\Core\CustomGUI\Win32GUI">
      <UniqueIdentifier>{f3d62d3e-e815-4767-a5a5-f9b58514be6c}</UniqueIdentifier>
    </Filter>
  </ItemGroup>
  <ItemGroup>
    <ClInclude Include="DiagWindow.h">
      <Filter>Source Files\Custom</Filter>
    </ClInclude>
    <ClInclude Include="_AComponent.h">
      <Filter>Source Files\Core\CustomGUI\AGUI</Filter>
    </ClInclude>
    <ClInclude Include="_AWindow.h">
      <Filter>Source Files\Core\CustomGUI\AGUI</Filter>
    </ClInclude>
    <ClInclude Include="_AButton.h">
      <Filter>Source Files\Core\CustomGUI\AGUI</Filter>
    </ClInclude>
    <ClInclude Include="OtherComponents.h">
      <Filter>Source Files\Core\CustomGUI\AGUI</Filter>
    </ClInclude>
    <ClInclude Include="Vector2.h">
      <Filter>Source Files\Core</Filter>
    </ClInclude>
    <ClInclude Include="_LinkedList.h">
      <Filter>Source Files\Core</Filter>
    </ClInclude>
    <ClInclude Include="BaseNode.h">
      <Filter>Source Files\Core</Filter>
    </ClInclude>
    <ClInclude Include="CameraWindow.h">
      <Filter>Source Files\Custom</Filter>
    </ClInclude>
    <ClInclude Include="Vector3.h">
      <Filter>Source Files\Core</Filter>
    </ClInclude>
    <ClInclude Include="Transform3D.h">
      <Filter>Source Files\Core\Components\EntityComponents</Filter>
    </ClInclude>
    <ClInclude Include="Velocity3D.h">
      <Filter>Source Files\Core\Components\EntityComponents</Filter>
    </ClInclude>
    <ClInclude Include="_GComponent.h">
      <Filter>Source Files\Core\Components\EntityComponents</Filter>
    </ClInclude>
    <ClInclude Include="BaseNodeSelectionButton.h">
      <Filter>Source Files\Custom</Filter>
    </ClInclude>
    <ClInclude Include="_ATextBox.h">
      <Filter>Source Files\Core\CustomGUI\AGUI</Filter>
    </ClInclude>
    <ClInclude Include="_ASingleSelectComboButton.h">
      <Filter>Source Files\Core\CustomGUI\AGUI</Filter>
    </ClInclude>
    <ClInclude Include="_AScrollBar.h">
      <Filter>Source Files\Core\CustomGUI\AGUI</Filter>
    </ClInclude>
    <ClInclude Include="EntityFactoryWindow.h">
      <Filter>Source Files\Custom</Filter>
    </ClInclude>
    <ClInclude Include="_Tile2d.h">
      <Filter>Source Files\Core\Components\TileMaps\Tiles</Filter>
    </ClInclude>
    <ClInclude Include="EntityManager.h">
      <Filter>Source Files\Core\Components</Filter>
    </ClInclude>
    <ClInclude Include="TileMapManager.h">
      <Filter>Source Files\Core\Components</Filter>
    </ClInclude>
    <ClInclude Include="GameLayer.h">
      <Filter>Source Files\Core</Filter>
    </ClInclude>
    <ClInclude Include="EventListener.h">
      <Filter>Source Files\Core\EventSystem</Filter>
    </ClInclude>
    <ClInclude Include="Events.h">
      <Filter>Source Files\Core\EventSystem</Filter>
    </ClInclude>
    <ClInclude Include="3DMesh.h">
      <Filter>Source Files\Core\Components\EntityComponents</Filter>
    </ClInclude>
    <ClInclude Include="ConsolePlatform.h">
      <Filter>Source Files\Core\Platforms</Filter>
    </ClInclude>
    <ClInclude Include="Win32Platform.h">
      <Filter>Source Files\Core\Platforms</Filter>
    </ClInclude>
    <ClInclude Include="Polygon.h">
      <Filter>Source Files\Core</Filter>
    </ClInclude>
    <ClInclude Include="ExplorerWindow.h">
      <Filter>Source Files\Custom</Filter>
    </ClInclude>
    <ClInclude Include="_PlatformLayer.h">
      <Filter>Source Files\Core\Platforms</Filter>
    </ClInclude>
    <ClInclude Include="_ARenderer3D.h">
      <Filter>Source Files\Core\Renderers</Filter>
    </ClInclude>
    <ClInclude Include="UserController.h">
      <Filter>Source Files\Core\Components\EntityComponents</Filter>
    </ClInclude>
    <ClInclude Include="Physics.h">
      <Filter>Source Files\Core</Filter>
    </ClInclude>
    <ClInclude Include="Win32Renderer.h">
      <Filter>Source Files\Core\Renderers</Filter>
    </ClInclude>
    <ClInclude Include="ConsoleRender2D.h">
      <Filter>Source Files\Core\Renderers</Filter>
    </ClInclude>
    <ClInclude Include="Camera.h">
      <Filter>Source Files\Core\Components\EntityComponents</Filter>
    </ClInclude>
    <ClInclude Include="ARender.h">
      <Filter>Source Files\Core\Components\EntityComponents</Filter>
    </ClInclude>
    <ClInclude Include="_TileMap.h">
      <Filter>Source Files\Core\Components\TileMaps\Maps</Filter>
    </ClInclude>
    <ClInclude Include="HeightMap.h">
      <Filter>Source Files\Core\Components\TileMaps\Maps</Filter>
    </ClInclude>
    <ClInclude Include="HeightTile.h">
      <Filter>Source Files\Core\Components\TileMaps\Tiles</Filter>
    </ClInclude>
    <ClInclude Include="2DPoly.h">
      <Filter>Source Files\Core\Components\EntityComponents</Filter>
    </ClInclude>
    <ClInclude Include="Conquest.h">
      <Filter>Source Files\Custom</Filter>
    </ClInclude>
    <ClInclude Include="TileMapWindow.h">
      <Filter>Source Files\Custom</Filter>
    </ClInclude>
    <ClInclude Include="TestWindow.h">
      <Filter>Source Files\Custom</Filter>
    </ClInclude>
    <ClInclude Include="WaterTile.h">
      <Filter>Source Files\Core\Components\TileMaps\Tiles</Filter>
    </ClInclude>
    <ClInclude Include="WaterMap.h">
      <Filter>Source Files\Core\Components\TileMaps\Maps</Filter>
    </ClInclude>
    <ClInclude Include="BuildingTile.h">
      <Filter>Source Files\Core\Components\TileMaps\Tiles</Filter>
    </ClInclude>
    <ClInclude Include="BuildingMap.h">
      <Filter>Source Files\Core\Components\TileMaps\Maps</Filter>
    </ClInclude>
    <ClInclude Include="SelectionSquare.h">
      <Filter>Source Files\Core\CustomGUI</Filter>
    </ClInclude>
    <ClInclude Include="Core3D.h">
      <Filter>Source Files\Core\Renderers</Filter>
    </ClInclude>
    <ClInclude Include="Pathfinding.h">
      <Filter>Header Files</Filter>
    </ClInclude>
    <ClInclude Include="PathfindingSystem.h">
      <Filter>Source Files\Core</Filter>
    </ClInclude>
    <ClInclude Include="ConquestRenderer.h">
      <Filter>Source Files\Custom</Filter>
    </ClInclude>
    <ClInclude Include="UIInterface.h">
      <Filter>Source Files\Core\Components\EntityComponents</Filter>
    </ClInclude>
    <ClInclude Include="PathingMap.h">
      <Filter>Source Files\Core\Components\TileMaps\Maps</Filter>
    </ClInclude>
    <ClInclude Include="PathingTile.h">
      <Filter>Source Files\Core\Components\TileMaps\Tiles</Filter>
    </ClInclude>
    <ClInclude Include="demo3d.h">
      <Filter>Source Files\Custom</Filter>
    </ClInclude>
    <ClInclude Include="ConsoleRender3D.h">
      <Filter>Source Files\Core\Renderers</Filter>
    </ClInclude>
  </ItemGroup>
  <ItemGroup>
    <Text Include="TODO.txt">
      <Filter>Source Files</Filter>
    </Text>
  </ItemGroup>
  <ItemGroup>
    <ClCompile Include="Source.cpp">
      <Filter>Source Files</Filter>
    </ClCompile>
  </ItemGroup>
</Project>